
Microsoft Visual Studio Solution File, Format Version 12.00
# Visual Studio Version 16
VisualStudioVersion = 16.0.30717.126
MinimumVisualStudioVersion = 10.0.40219.1
Project("{FAE04EC0-301F-11D3-BF4B-00C04F79EFBC}") = "TestDllInjection", "TestInWinform2\TestDllInjection.csproj", "{138F9852-3F97-47DA-ADE7-6AE60FC5C9AF}"
EndProject
Project("{8BC9CEB8-8B4A-11D0-8D11-00A0C91BC942}") = "DllInDLang", "DllInDLang\WindowsApplication1.vcxproj", "{23B8D6A6-4A0D-4756-94BF-5EF2A3BFB857}"
EndProject
Project("{8BC9CEB8-8B4A-11D0-8D11-00A0C91BC942}") = "DllInC++", "DllInC++\Dll1.vcxproj", "{AA89D42C-C104-4A2F-A14A-36ADFAF5BD9A}"
EndProject
Global
	GlobalSection(SolutionConfigurationPlatforms) = preSolution
		Debug|Any CPU = Debug|Any CPU
		Debug|x64 = Debug|x64
		Debug|x86 = Debug|x86
		Release|Any CPU = Release|Any CPU
		Release|x64 = Release|x64
		Release|x86 = Release|x86
	EndGlobalSection
	GlobalSection(ProjectConfigurationPlatforms) = postSolution
		{138F9852-3F97-47DA-ADE7-6AE60FC5C9AF}.Debug|Any CPU.ActiveCfg = Debug|Any CPU
		{138F9852-3F97-47DA-ADE7-6AE60FC5C9AF}.Debug|Any CPU.Build.0 = Debug|Any CPU
		{138F9852-3F97-47DA-ADE7-6AE60FC5C9AF}.Debug|x64.ActiveCfg = Debug|Any CPU
		{138F9852-3F97-47DA-ADE7-6AE60FC5C9AF}.Debug|x64.Build.0 = Debug|Any CPU
		{138F9852-3F97-47DA-ADE7-6AE60FC5C9AF}.Debug|x86.ActiveCfg = Debug|Any CPU
		{138F9852-3F97-47DA-ADE7-6AE60FC5C9AF}.Debug|x86.Build.0 = Debug|Any CPU
		{138F9852-3F97-47DA-ADE7-6AE60FC5C9AF}.Release|Any CPU.ActiveCfg = Release|Any CPU
		{138F9852-3F97-47DA-ADE7-6AE60FC5C9AF}.Release|Any CPU.Build.0 = Release|Any CPU
		{138F9852-3F97-47DA-ADE7-6AE60FC5C9AF}.Release|x64.ActiveCfg = Release|Any CPU
		{138F9852-3F97-47DA-ADE7-6AE60FC5C9AF}.Release|x64.Build.0 = Release|Any CPU
		{138F9852-3F97-47DA-ADE7-6AE60FC5C9AF}.Release|x86.ActiveCfg = Release|Any CPU
		{138F9852-3F97-47DA-ADE7-6AE60FC5C9AF}.Release|x86.Build.0 = Release|Any CPU
		{23B8D6A6-4A0D-4756-94BF-5EF2A3BFB857}.Debug|Any CPU.ActiveCfg = Debug|Win32
		{23B8D6A6-4A0D-4756-94BF-5EF2A3BFB857}.Debug|x64.ActiveCfg = Debug|x64
		{23B8D6A6-4A0D-4756-94BF-5EF2A3BFB857}.Debug|x64.Build.0 = Debug|x64
		{23B8D6A6-4A0D-4756-94BF-5EF2A3BFB857}.Debug|x86.ActiveCfg = Debug|Win32
		{23B8D6A6-4A0D-4756-94BF-5EF2A3BFB857}.Debug|x86.Build.0 = Debug|Win32
		{23B8D6A6-4A0D-4756-94BF-5EF2A3BFB857}.Release|Any CPU.ActiveCfg = Release|Win32
		{23B8D6A6-4A0D-4756-94BF-5EF2A3BFB857}.Release|x64.ActiveCfg = Release|x64
		{23B8D6A6-4A0D-4756-94BF-5EF2A3BFB857}.Release|x64.Build.0 = Release|x64
		{23B8D6A6-4A0D-4756-94BF-5EF2A3BFB857}.Release|x86.ActiveCfg = Release|Win32
		{23B8D6A6-4A0D-4756-94BF-5EF2A3BFB857}.Release|x86.Build.0 = Release|Win32
		{AA89D42C-C104-4A2F-A14A-36ADFAF5BD9A}.Debug|Any CPU.ActiveCfg = Debug|Win32
		{AA89D42C-C104-4A2F-A14A-36ADFAF5BD9A}.Debug|x64.ActiveCfg = Debug|x64
		{AA89D42C-C104-4A2F-A14A-36ADFAF5BD9A}.Debug|x64.Build.0 = Debug|x64
		{AA89D42C-C104-4A2F-A14A-36ADFAF5BD9A}.Debug|x86.ActiveCfg = Debug|Win32
		{AA89D42C-C104-4A2F-A14A-36ADFAF5BD9A}.Debug|x86.Build.0 = Debug|Win32
		{AA89D42C-C104-4A2F-A14A-36ADFAF5BD9A}.Release|Any CPU.ActiveCfg = Release|Win32
		{AA89D42C-C104-4A2F-A14A-36ADFAF5BD9A}.Release|x64.ActiveCfg = Release|x64
		{AA89D42C-C104-4A2F-A14A-36ADFAF5BD9A}.Release|x64.Build.0 = Release|x64
		{AA89D42C-C104-4A2F-A14A-36ADFAF5BD9A}.Release|x86.ActiveCfg = Release|Win32
		{AA89D42C-C104-4A2F-A14A-36ADFAF5BD9A}.Release|x86.Build.0 = Release|Win32
	EndGlobalSection
	GlobalSection(SolutionProperties) = preSolution
		HideSolutionNode = FALSE
	EndGlobalSection
	GlobalSection(ExtensibilityGlobals) = postSolution
		SolutionGuid = {83DB4374-1D32-4158-811A-7183B774D123}
	EndGlobalSection
EndGlobal
